
Microsoft Visual Studio Solution File, Format Version 12.00
# Visual Studio Version 16
VisualStudioVersion = 16.0.31019.35
MinimumVisualStudioVersion = 10.0.40219.1
Project("{FAE04EC0-301F-11D3-BF4B-00C04F79EFBC}") = "VirtualZooFinal", "VirtualZooFinal.csproj", "{ABDA4F92-70BE-430E-88CD-C1B7B17597EE}"
EndProject
Global
	GlobalSection(SolutionConfigurationPlatforms) = preSolution
		Debug|Any CPU = Debug|Any CPU
		Release|Any CPU = Release|Any CPU
	EndGlobalSection
	GlobalSection(ProjectConfigurationPlatforms) = postSolution
		{ABDA4F92-70BE-430E-88CD-C1B7B17597EE}.Debug|Any CPU.ActiveCfg = Debug|Any CPU
		{ABDA4F92-70BE-430E-88CD-C1B7B17597EE}.Debug|Any CPU.Build.0 = Debug|Any CPU
		{ABDA4F92-70BE-430E-88CD-C1B7B17597EE}.Release|Any CPU.ActiveCfg = Release|Any CPU
		{ABDA4F92-70BE-430E-88CD-C1B7B17597EE}.Release|Any CPU.Build.0 = Release|Any CPU
	EndGlobalSection
	GlobalSection(SolutionProperties) = preSolution
		HideSolutionNode = FALSE
	EndGlobalSection
	GlobalSection(ExtensibilityGlobals) = postSolution
		SolutionGuid = {6E887F66-55F3-4528-B71A-E1EFF204230A}
	EndGlobalSection
EndGlobal
